{
  "name": "css-boxes-with-physics",
  "version": "0.1.0",
  "lockfileVersion": 1,
  "requires": true,
  "dependencies": {
    "cannon-es": {
      "version": "0.9.1",
      "resolved": "https://registry.npmjs.org/cannon-es/-/cannon-es-0.9.1.tgz",
      "integrity": "sha512-wWzbWQJ4yDiIkmGiAEWVG8rKCLJv88C68JJmGVEBRXpGJZIwbcyWWP18zXZYpy9vYM8v/usupCTpbgMGcb1ogA=="
    }
  }
}
